
Microsoft Visual Studio Solution File, Format Version 12.00
# Visual Studio Version 16
VisualStudioVersion = 16.0.31624.102
MinimumVisualStudioVersion = 10.0.40219.1
Project("{9A19103F-16F7-4668-BE54-9A1E7A4F7556}") = "Algorithms", "Algorithms.csproj", "{5603690F-27F0-4C16-BB28-84317FD7F10A}"
EndProject
Project("{9A19103F-16F7-4668-BE54-9A1E7A4F7556}") = "PracticeProblems", "..\PracticeProblems\PracticeProblems.csproj", "{657E82E1-B875-4423-9071-55B6F3E2959F}"
EndProject
Project("{9A19103F-16F7-4668-BE54-9A1E7A4F7556}") = "TestProject", "..\TestProject\TestProject.csproj", "{B9EC88C3-2364-401D-87C4-58E8C085DAE2}"
EndProject
Project("{9A19103F-16F7-4668-BE54-9A1E7A4F7556}") = "GreedyAndDynamicIlluminated", "..\GreedyAndDynamicIlluminated\GreedyAndDynamicIlluminated.csproj", "{3C0C98F2-4FB9-461B-AF01-59C8D21E6FE5}"
EndProject
Project("{9A19103F-16F7-4668-BE54-9A1E7A4F7556}") = "GreedyAndDynamicIlluminated.Tests", "..\GreedyAndDynamicIlluminated.Tests\GreedyAndDynamicIlluminated.Tests.csproj", "{41831943-5406-4282-B348-A043047BC738}"
EndProject
Project("{9A19103F-16F7-4668-BE54-9A1E7A4F7556}") = "CtCi.Moderate.Problems", "..\CtCi.Moderate.Problems\CtCi.Moderate.Problems.csproj", "{F3811F06-3169-4B9B-92A4-2145C3444980}"
EndProject
Project("{9A19103F-16F7-4668-BE54-9A1E7A4F7556}") = "CtCi.Moderate.Problems.Tests", "..\CtCi.Moderate.Problems.Tests\CtCi.Moderate.Problems.Tests.csproj", "{C9D118AF-92D2-41C4-8D45-09675801E884}"
EndProject
Project("{FAE04EC0-301F-11D3-BF4B-00C04F79EFBC}") = "CtCi.Hard.Problems", "..\CtCi.Hard.Problems\CtCi.Hard.Problems.csproj", "{A5D4BD3C-DC6F-4A3A-BB21-914D6F7B3774}"
EndProject
Project("{FAE04EC0-301F-11D3-BF4B-00C04F79EFBC}") = "CtCi.Hard.Problems.Tests", "..\CtCi.Hard.Problems.Tests\CtCi.Hard.Problems.Tests.csproj", "{721E593B-7D22-41FF-98E3-65534E0A04AB}"
EndProject
Global
	GlobalSection(SolutionConfigurationPlatforms) = preSolution
		Debug|Any CPU = Debug|Any CPU
		Release|Any CPU = Release|Any CPU
	EndGlobalSection
	GlobalSection(ProjectConfigurationPlatforms) = postSolution
		{5603690F-27F0-4C16-BB28-84317FD7F10A}.Debug|Any CPU.ActiveCfg = Debug|Any CPU
		{5603690F-27F0-4C16-BB28-84317FD7F10A}.Debug|Any CPU.Build.0 = Debug|Any CPU
		{5603690F-27F0-4C16-BB28-84317FD7F10A}.Release|Any CPU.ActiveCfg = Release|Any CPU
		{5603690F-27F0-4C16-BB28-84317FD7F10A}.Release|Any CPU.Build.0 = Release|Any CPU
		{657E82E1-B875-4423-9071-55B6F3E2959F}.Debug|Any CPU.ActiveCfg = Debug|Any CPU
		{657E82E1-B875-4423-9071-55B6F3E2959F}.Debug|Any CPU.Build.0 = Debug|Any CPU
		{657E82E1-B875-4423-9071-55B6F3E2959F}.Release|Any CPU.ActiveCfg = Release|Any CPU
		{657E82E1-B875-4423-9071-55B6F3E2959F}.Release|Any CPU.Build.0 = Release|Any CPU
		{B9EC88C3-2364-401D-87C4-58E8C085DAE2}.Debug|Any CPU.ActiveCfg = Debug|Any CPU
		{B9EC88C3-2364-401D-87C4-58E8C085DAE2}.Debug|Any CPU.Build.0 = Debug|Any CPU
		{B9EC88C3-2364-401D-87C4-58E8C085DAE2}.Release|Any CPU.ActiveCfg = Release|Any CPU
		{B9EC88C3-2364-401D-87C4-58E8C085DAE2}.Release|Any CPU.Build.0 = Release|Any CPU
		{3C0C98F2-4FB9-461B-AF01-59C8D21E6FE5}.Debug|Any CPU.ActiveCfg = Debug|Any CPU
		{3C0C98F2-4FB9-461B-AF01-59C8D21E6FE5}.Debug|Any CPU.Build.0 = Debug|Any CPU
		{3C0C98F2-4FB9-461B-AF01-59C8D21E6FE5}.Release|Any CPU.ActiveCfg = Release|Any CPU
		{3C0C98F2-4FB9-461B-AF01-59C8D21E6FE5}.Release|Any CPU.Build.0 = Release|Any CPU
		{41831943-5406-4282-B348-A043047BC738}.Debug|Any CPU.ActiveCfg = Debug|Any CPU
		{41831943-5406-4282-B348-A043047BC738}.Debug|Any CPU.Build.0 = Debug|Any CPU
		{41831943-5406-4282-B348-A043047BC738}.Release|Any CPU.ActiveCfg = Release|Any CPU
		{41831943-5406-4282-B348-A043047BC738}.Release|Any CPU.Build.0 = Release|Any CPU
		{F3811F06-3169-4B9B-92A4-2145C3444980}.Debug|Any CPU.ActiveCfg = Debug|Any CPU
		{F3811F06-3169-4B9B-92A4-2145C3444980}.Debug|Any CPU.Build.0 = Debug|Any CPU
		{F3811F06-3169-4B9B-92A4-2145C3444980}.Release|Any CPU.ActiveCfg = Release|Any CPU
		{F3811F06-3169-4B9B-92A4-2145C3444980}.Release|Any CPU.Build.0 = Release|Any CPU
		{C9D118AF-92D2-41C4-8D45-09675801E884}.Debug|Any CPU.ActiveCfg = Debug|Any CPU
		{C9D118AF-92D2-41C4-8D45-09675801E884}.Debug|Any CPU.Build.0 = Debug|Any CPU
		{C9D118AF-92D2-41C4-8D45-09675801E884}.Release|Any CPU.ActiveCfg = Release|Any CPU
		{C9D118AF-92D2-41C4-8D45-09675801E884}.Release|Any CPU.Build.0 = Release|Any CPU
		{A5D4BD3C-DC6F-4A3A-BB21-914D6F7B3774}.Debug|Any CPU.ActiveCfg = Debug|Any CPU
		{A5D4BD3C-DC6F-4A3A-BB21-914D6F7B3774}.Debug|Any CPU.Build.0 = Debug|Any CPU
		{A5D4BD3C-DC6F-4A3A-BB21-914D6F7B3774}.Release|Any CPU.ActiveCfg = Release|Any CPU
		{A5D4BD3C-DC6F-4A3A-BB21-914D6F7B3774}.Release|Any CPU.Build.0 = Release|Any CPU
		{721E593B-7D22-41FF-98E3-65534E0A04AB}.Debug|Any CPU.ActiveCfg = Debug|Any CPU
		{721E593B-7D22-41FF-98E3-65534E0A04AB}.Debug|Any CPU.Build.0 = Debug|Any CPU
		{721E593B-7D22-41FF-98E3-65534E0A04AB}.Release|Any CPU.ActiveCfg = Release|Any CPU
		{721E593B-7D22-41FF-98E3-65534E0A04AB}.Release|Any CPU.Build.0 = Release|Any CPU
	EndGlobalSection
	GlobalSection(SolutionProperties) = preSolution
		HideSolutionNode = FALSE
	EndGlobalSection
	GlobalSection(ExtensibilityGlobals) = postSolution
		SolutionGuid = {36D83E4C-7413-4483-AF0C-1D8846A16980}
	EndGlobalSection
EndGlobal
