
Microsoft Visual Studio Solution File, Format Version 12.00
# Visual Studio Version 16
VisualStudioVersion = 16.0.31229.75
MinimumVisualStudioVersion = 10.0.40219.1
Project("{9A19103F-16F7-4668-BE54-9A1E7A4F7556}") = "Algorithms", "Algorithms.csproj", "{5603690F-27F0-4C16-BB28-84317FD7F10A}"
EndProject
Project("{FAE04EC0-301F-11D3-BF4B-00C04F79EFBC}") = "PracticeProblems", "..\PracticeProblems\PracticeProblems.csproj", "{657E82E1-B875-4423-9071-55B6F3E2959F}"
EndProject
Global
	GlobalSection(SolutionConfigurationPlatforms) = preSolution
		Debug|Any CPU = Debug|Any CPU
		Release|Any CPU = Release|Any CPU
	EndGlobalSection
	GlobalSection(ProjectConfigurationPlatforms) = postSolution
		{5603690F-27F0-4C16-BB28-84317FD7F10A}.Debug|Any CPU.ActiveCfg = Debug|Any CPU
		{5603690F-27F0-4C16-BB28-84317FD7F10A}.Debug|Any CPU.Build.0 = Debug|Any CPU
		{5603690F-27F0-4C16-BB28-84317FD7F10A}.Release|Any CPU.ActiveCfg = Release|Any CPU
		{5603690F-27F0-4C16-BB28-84317FD7F10A}.Release|Any CPU.Build.0 = Release|Any CPU
		{657E82E1-B875-4423-9071-55B6F3E2959F}.Debug|Any CPU.ActiveCfg = Debug|Any CPU
		{657E82E1-B875-4423-9071-55B6F3E2959F}.Debug|Any CPU.Build.0 = Debug|Any CPU
		{657E82E1-B875-4423-9071-55B6F3E2959F}.Release|Any CPU.ActiveCfg = Release|Any CPU
		{657E82E1-B875-4423-9071-55B6F3E2959F}.Release|Any CPU.Build.0 = Release|Any CPU
	EndGlobalSection
	GlobalSection(SolutionProperties) = preSolution
		HideSolutionNode = FALSE
	EndGlobalSection
	GlobalSection(ExtensibilityGlobals) = postSolution
		SolutionGuid = {36D83E4C-7413-4483-AF0C-1D8846A16980}
	EndGlobalSection
EndGlobal
